// !$*UTF8*$!
{
	archiveVersion = 1;
	classes = {
	};
	objectVersion = 55;
	objects = {

/* Begin PBXBuildFile section */
		9F7EA8C716223753DB5C95B3 /* Pods_Image_download.framework in Frameworks */ = {isa = PBXBuildFile; fileRef = 64B31666381BA35AEBF85E74 /* Pods_Image_download.framework */; };
		FA06885827EC1BE50071AE39 /* AppDelegate.swift in Sources */ = {isa = PBXBuildFile; fileRef = FA06885727EC1BE50071AE39 /* AppDelegate.swift */; };
		FA06886127EC1BE60071AE39 /* Assets.xcassets in Resources */ = {isa = PBXBuildFile; fileRef = FA06886027EC1BE60071AE39 /* Assets.xcassets */; };
		FA06886427EC1BE60071AE39 /* LaunchScreen.storyboard in Resources */ = {isa = PBXBuildFile; fileRef = FA06886227EC1BE60071AE39 /* LaunchScreen.storyboard */; };
		FA06886D27EC1C130071AE39 /* MainVC.swift in Sources */ = {isa = PBXBuildFile; fileRef = FA06886B27EC1C130071AE39 /* MainVC.swift */; };
		FA06886E27EC1C130071AE39 /* MainVC.xib in Resources */ = {isa = PBXBuildFile; fileRef = FA06886C27EC1C130071AE39 /* MainVC.xib */; };
		FA06887127EC1C2A0071AE39 /* SearchVC.swift in Sources */ = {isa = PBXBuildFile; fileRef = FA06886F27EC1C2A0071AE39 /* SearchVC.swift */; };
		FA06887227EC1C2A0071AE39 /* SearchVC.xib in Resources */ = {isa = PBXBuildFile; fileRef = FA06887027EC1C2A0071AE39 /* SearchVC.xib */; };
		FA06887527EC1C420071AE39 /* InfoVC.swift in Sources */ = {isa = PBXBuildFile; fileRef = FA06887327EC1C420071AE39 /* InfoVC.swift */; };
		FA06887627EC1C420071AE39 /* InfoVC.xib in Resources */ = {isa = PBXBuildFile; fileRef = FA06887427EC1C420071AE39 /* InfoVC.xib */; };
		FA06887827EC1C6D0071AE39 /* MainTabbar.swift in Sources */ = {isa = PBXBuildFile; fileRef = FA06887727EC1C6D0071AE39 /* MainTabbar.swift */; };
		FA06887A27EC1C7C0071AE39 /* API.swift in Sources */ = {isa = PBXBuildFile; fileRef = FA06887927EC1C7C0071AE39 /* API.swift */; };
		FA06887C27EC1C880071AE39 /* Req.swift in Sources */ = {isa = PBXBuildFile; fileRef = FA06887B27EC1C880071AE39 /* Req.swift */; };
		FA06887F27EC1CC80071AE39 /* MainCVC.swift in Sources */ = {isa = PBXBuildFile; fileRef = FA06887D27EC1CC80071AE39 /* MainCVC.swift */; };
		FA06888027EC1CC80071AE39 /* MainCVC.xib in Resources */ = {isa = PBXBuildFile; fileRef = FA06887E27EC1CC80071AE39 /* MainCVC.xib */; };
		FA06888327EC1CDF0071AE39 /* SearchCVC.swift in Sources */ = {isa = PBXBuildFile; fileRef = FA06888127EC1CDF0071AE39 /* SearchCVC.swift */; };
		FA06888427EC1CDF0071AE39 /* SearchCVC.xib in Resources */ = {isa = PBXBuildFile; fileRef = FA06888227EC1CDF0071AE39 /* SearchCVC.xib */; };
/* End PBXBuildFile section */

/* Begin PBXFileReference section */
		64B31666381BA35AEBF85E74 /* Pods_Image_download.framework */ = {isa = PBXFileReference; explicitFileType = wrapper.framework; includeInIndex = 0; path = Pods_Image_download.framework; sourceTree = BUILT_PRODUCTS_DIR; };
		6D7F9552C110A8FA05F22146 /* Pods-Image_download.release.xcconfig */ = {isa = PBXFileReference; includeInIndex = 1; lastKnownFileType = text.xcconfig; name = "Pods-Image_download.release.xcconfig"; path = "Target Support Files/Pods-Image_download/Pods-Image_download.release.xcconfig"; sourceTree = "<group>"; };
		A53AFA720119E463B79A8F50 /* Pods-Image_download.debug.xcconfig */ = {isa = PBXFileReference; includeInIndex = 1; lastKnownFileType = text.xcconfig; name = "Pods-Image_download.debug.xcconfig"; path = "Target Support Files/Pods-Image_download/Pods-Image_download.debug.xcconfig"; sourceTree = "<group>"; };
		FA06885427EC1BE50071AE39 /* Image_download.app */ = {isa = PBXFileReference; explicitFileType = wrapper.application; includeInIndex = 0; path = Image_download.app; sourceTree = BUILT_PRODUCTS_DIR; };
		FA06885727EC1BE50071AE39 /* AppDelegate.swift */ = {isa = PBXFileReference; lastKnownFileType = sourcecode.swift; path = AppDelegate.swift; sourceTree = "<group>"; };
		FA06886027EC1BE60071AE39 /* Assets.xcassets */ = {isa = PBXFileReference; lastKnownFileType = folder.assetcatalog; path = Assets.xcassets; sourceTree = "<group>"; };
		FA06886327EC1BE60071AE39 /* Base */ = {isa = PBXFileReference; lastKnownFileType = file.storyboard; name = Base; path = Base.lproj/LaunchScreen.storyboard; sourceTree = "<group>"; };
		FA06886527EC1BE60071AE39 /* Info.plist */ = {isa = PBXFileReference; lastKnownFileType = text.plist.xml; path = Info.plist; sourceTree = "<group>"; };
		FA06886B27EC1C130071AE39 /* MainVC.swift */ = {isa = PBXFileReference; lastKnownFileType = sourcecode.swift; path = MainVC.swift; sourceTree = "<group>"; };
		FA06886C27EC1C130071AE39 /* MainVC.xib */ = {isa = PBXFileReference; lastKnownFileType = file.xib; path = MainVC.xib; sourceTree = "<group>"; };
		FA06886F27EC1C2A0071AE39 /* SearchVC.swift */ = {isa = PBXFileReference; lastKnownFileType = sourcecode.swift; path = SearchVC.swift; sourceTree = "<group>"; };
		FA06887027EC1C2A0071AE39 /* SearchVC.xib */ = {isa = PBXFileReference; lastKnownFileType = file.xib; path = SearchVC.xib; sourceTree = "<group>"; };
		FA06887327EC1C420071AE39 /* InfoVC.swift */ = {isa = PBXFileReference; lastKnownFileType = sourcecode.swift; path = InfoVC.swift; sourceTree = "<group>"; };
		FA06887427EC1C420071AE39 /* InfoVC.xib */ = {isa = PBXFileReference; lastKnownFileType = file.xib; path = InfoVC.xib; sourceTree = "<group>"; };
		FA06887727EC1C6D0071AE39 /* MainTabbar.swift */ = {isa = PBXFileReference; lastKnownFileType = sourcecode.swift; path = MainTabbar.swift; sourceTree = "<group>"; };
		FA06887927EC1C7C0071AE39 /* API.swift */ = {isa = PBXFileReference; lastKnownFileType = sourcecode.swift; path = API.swift; sourceTree = "<group>"; };
		FA06887B27EC1C880071AE39 /* Req.swift */ = {isa = PBXFileReference; lastKnownFileType = sourcecode.swift; path = Req.swift; sourceTree = "<group>"; };
		FA06887D27EC1CC80071AE39 /* MainCVC.swift */ = {isa = PBXFileReference; lastKnownFileType = sourcecode.swift; path = MainCVC.swift; sourceTree = "<group>"; };
		FA06887E27EC1CC80071AE39 /* MainCVC.xib */ = {isa = PBXFileReference; lastKnownFileType = file.xib; path = MainCVC.xib; sourceTree = "<group>"; };
		FA06888127EC1CDF0071AE39 /* SearchCVC.swift */ = {isa = PBXFileReference; lastKnownFileType = sourcecode.swift; path = SearchCVC.swift; sourceTree = "<group>"; };
		FA06888227EC1CDF0071AE39 /* SearchCVC.xib */ = {isa = PBXFileReference; lastKnownFileType = file.xib; path = SearchCVC.xib; sourceTree = "<group>"; };
/* End PBXFileReference section */

/* Begin PBXFrameworksBuildPhase section */
		FA06885127EC1BE50071AE39 /* Frameworks */ = {
			isa = PBXFrameworksBuildPhase;
			buildActionMask = 2147483647;
			files = (
				9F7EA8C716223753DB5C95B3 /* Pods_Image_download.framework in Frameworks */,
			);
			runOnlyForDeploymentPostprocessing = 0;
		};
/* End PBXFrameworksBuildPhase section */

/* Begin PBXGroup section */
		2BC30A48438E83AF0071035F /* Pods */ = {
			isa = PBXGroup;
			children = (
				A53AFA720119E463B79A8F50 /* Pods-Image_download.debug.xcconfig */,
				6D7F9552C110A8FA05F22146 /* Pods-Image_download.release.xcconfig */,
			);
			path = Pods;
			sourceTree = "<group>";
		};
		52CC90B8A2C3694E21D71B53 /* Frameworks */ = {
			isa = PBXGroup;
			children = (
				64B31666381BA35AEBF85E74 /* Pods_Image_download.framework */,
			);
			name = Frameworks;
			sourceTree = "<group>";
		};
		FA06884B27EC1BE50071AE39 = {
			isa = PBXGroup;
			children = (
				FA06885627EC1BE50071AE39 /* Image_download */,
				FA06885527EC1BE50071AE39 /* Products */,
				2BC30A48438E83AF0071035F /* Pods */,
				52CC90B8A2C3694E21D71B53 /* Frameworks */,
			);
			sourceTree = "<group>";
		};
		FA06885527EC1BE50071AE39 /* Products */ = {
			isa = PBXGroup;
			children = (
				FA06885427EC1BE50071AE39 /* Image_download.app */,
			);
			name = Products;
			sourceTree = "<group>";
		};
		FA06885627EC1BE50071AE39 /* Image_download */ = {
			isa = PBXGroup;
			children = (
				FA06887927EC1C7C0071AE39 /* API.swift */,
				FA06887B27EC1C880071AE39 /* Req.swift */,
				FA06885727EC1BE50071AE39 /* AppDelegate.swift */,
				FA06886027EC1BE60071AE39 /* Assets.xcassets */,
				FA06886227EC1BE60071AE39 /* LaunchScreen.storyboard */,
				FA06886527EC1BE60071AE39 /* Info.plist */,
				FA06886B27EC1C130071AE39 /* MainVC.swift */,
				FA06886C27EC1C130071AE39 /* MainVC.xib */,
				FA06886F27EC1C2A0071AE39 /* SearchVC.swift */,
				FA06887027EC1C2A0071AE39 /* SearchVC.xib */,
				FA06887327EC1C420071AE39 /* InfoVC.swift */,
				FA06887427EC1C420071AE39 /* InfoVC.xib */,
				FA06887727EC1C6D0071AE39 /* MainTabbar.swift */,
				FA06887D27EC1CC80071AE39 /* MainCVC.swift */,
				FA06887E27EC1CC80071AE39 /* MainCVC.xib */,
				FA06888127EC1CDF0071AE39 /* SearchCVC.swift */,
				FA06888227EC1CDF0071AE39 /* SearchCVC.xib */,
			);
			path = Image_download;
			sourceTree = "<group>";
		};
/* End PBXGroup section */

/* Begin PBXNativeTarget section */
		FA06885327EC1BE50071AE39 /* Image_download */ = {
			isa = PBXNativeTarget;
			buildConfigurationList = FA06886827EC1BE60071AE39 /* Build configuration list for PBXNativeTarget "Image_download" */;
			buildPhases = (
				8AEAFFDE2CE4B7BC75977726 /* [CP] Check Pods Manifest.lock */,
				FA06885027EC1BE50071AE39 /* Sources */,
				FA06885127EC1BE50071AE39 /* Frameworks */,
				FA06885227EC1BE50071AE39 /* Resources */,
				2D66153D66656F0CAB582247 /* [CP] Embed Pods Frameworks */,
			);
			buildRules = (
			);
			dependencies = (
			);
			name = Image_download;
			productName = Image_download;
			productReference = FA06885427EC1BE50071AE39 /* Image_download.app */;
			productType = "com.apple.product-type.application";
		};
/* End PBXNativeTarget section */

/* Begin PBXProject section */
		FA06884C27EC1BE50071AE39 /* Project object */ = {
			isa = PBXProject;
			attributes = {
				BuildIndependentTargetsInParallel = 1;
				LastSwiftUpdateCheck = 1320;
				LastUpgradeCheck = 1320;
				TargetAttributes = {
					FA06885327EC1BE50071AE39 = {
						CreatedOnToolsVersion = 13.2.1;
					};
				};
			};
			buildConfigurationList = FA06884F27EC1BE50071AE39 /* Build configuration list for PBXProject "Image_download" */;
			compatibilityVersion = "Xcode 13.0";
			developmentRegion = en;
			hasScannedForEncodings = 0;
			knownRegions = (
				en,
				Base,
			);
			mainGroup = FA06884B27EC1BE50071AE39;
			productRefGroup = FA06885527EC1BE50071AE39 /* Products */;
			projectDirPath = "";
			projectRoot = "";
			targets = (
				FA06885327EC1BE50071AE39 /* Image_download */,
			);
		};
/* End PBXProject section */

/* Begin PBXResourcesBuildPhase section */
		FA06885227EC1BE50071AE39 /* Resources */ = {
			isa = PBXResourcesBuildPhase;
			buildActionMask = 2147483647;
			files = (
				FA06887227EC1C2A0071AE39 /* SearchVC.xib in Resources */,
				FA06886E27EC1C130071AE39 /* MainVC.xib in Resources */,
				FA06886427EC1BE60071AE39 /* LaunchScreen.storyboard in Resources */,
				FA06888427EC1CDF0071AE39 /* SearchCVC.xib in Resources */,
				FA06887627EC1C420071AE39 /* InfoVC.xib in Resources */,
				FA06886127EC1BE60071AE39 /* Assets.xcassets in Resources */,
				FA06888027EC1CC80071AE39 /* MainCVC.xib in Resources */,
			);
			runOnlyForDeploymentPostprocessing = 0;
		};
/* End PBXResourcesBuildPhase section */

/* Begin PBXShellScriptBuildPhase section */
		2D66153D66656F0CAB582247 /* [CP] Embed Pods Frameworks */ = {
			isa = PBXShellScriptBuildPhase;
			buildActionMask = 2147483647;
			files = (
			);
			inputFileListPaths = (
				"${PODS_ROOT}/Target Support Files/Pods-Image_download/Pods-Image_download-frameworks-${CONFIGURATION}-input-files.xcfilelist",
			);
			name = "[CP] Embed Pods Frameworks";
			outputFileListPaths = (
				"${PODS_ROOT}/Target Support Files/Pods-Image_download/Pods-Image_download-frameworks-${CONFIGURATION}-output-files.xcfilelist",
			);
			runOnlyForDeploymentPostprocessing = 0;
			shellPath = /bin/sh;
			shellScript = "\"${PODS_ROOT}/Target Support Files/Pods-Image_download/Pods-Image_download-frameworks.sh\"\n";
			showEnvVarsInLog = 0;
		};
		8AEAFFDE2CE4B7BC75977726 /* [CP] Check Pods Manifest.lock */ = {
			isa = PBXShellScriptBuildPhase;
			buildActionMask = 2147483647;
			files = (
			);
			inputFileListPaths = (
			);
			inputPaths = (
				"${PODS_PODFILE_DIR_PATH}/Podfile.lock",
				"${PODS_ROOT}/Manifest.lock",
			);
			name = "[CP] Check Pods Manifest.lock";
			outputFileListPaths = (
			);
			outputPaths = (
				"$(DERIVED_FILE_DIR)/Pods-Image_download-checkManifestLockResult.txt",
			);
			runOnlyForDeploymentPostprocessing = 0;
			shellPath = /bin/sh;
			shellScript = "diff \"${PODS_PODFILE_DIR_PATH}/Podfile.lock\" \"${PODS_ROOT}/Manifest.lock\" > /dev/null\nif [ $? != 0 ] ; then\n    # print error to STDERR\n    echo \"error: The sandbox is not in sync with the Podfile.lock. Run 'pod install' or update your CocoaPods installation.\" >&2\n    exit 1\nfi\n# This output is used by Xcode 'outputs' to avoid re-running this script phase.\necho \"SUCCESS\" > \"${SCRIPT_OUTPUT_FILE_0}\"\n";
			showEnvVarsInLog = 0;
		};
/* End PBXShellScriptBuildPhase section */

/* Begin PBXSourcesBuildPhase section */
		FA06885027EC1BE50071AE39 /* Sources */ = {
			isa = PBXSourcesBuildPhase;
			buildActionMask = 2147483647;
			files = (
				FA06887C27EC1C880071AE39 /* Req.swift in Sources */,
				FA06887F27EC1CC80071AE39 /* MainCVC.swift in Sources */,
				FA06887527EC1C420071AE39 /* InfoVC.swift in Sources */,
				FA06887127EC1C2A0071AE39 /* SearchVC.swift in Sources */,
				FA06885827EC1BE50071AE39 /* AppDelegate.swift in Sources */,
				FA06888327EC1CDF0071AE39 /* SearchCVC.swift in Sources */,
				FA06886D27EC1C130071AE39 /* MainVC.swift in Sources */,
				FA06887A27EC1C7C0071AE39 /* API.swift in Sources */,
				FA06887827EC1C6D0071AE39 /* MainTabbar.swift in Sources */,
			);
			runOnlyForDeploymentPostprocessing = 0;
		};
/* End PBXSourcesBuildPhase section */

/* Begin PBXVariantGroup section */
		FA06886227EC1BE60071AE39 /* LaunchScreen.storyboard */ = {
			isa = PBXVariantGroup;
			children = (
				FA06886327EC1BE60071AE39 /* Base */,
			);
			name = LaunchScreen.storyboard;
			sourceTree = "<group>";
		};
/* End PBXVariantGroup section */

/* Begin XCBuildConfiguration section */
		FA06886627EC1BE60071AE39 /* Debug */ = {
			isa = XCBuildConfiguration;
			buildSettings = {
				ALWAYS_SEARCH_USER_PATHS = NO;
				CLANG_ANALYZER_NONNULL = YES;
				CLANG_ANALYZER_NUMBER_OBJECT_CONVERSION = YES_AGGRESSIVE;
				CLANG_CXX_LANGUAGE_STANDARD = "gnu++17";
				CLANG_CXX_LIBRARY = "libc++";
				CLANG_ENABLE_MODULES = YES;
				CLANG_ENABLE_OBJC_ARC = YES;
				CLANG_ENABLE_OBJC_WEAK = YES;
				CLANG_WARN_BLOCK_CAPTURE_AUTORELEASING = YES;
				CLANG_WARN_BOOL_CONVERSION = YES;
				CLANG_WARN_COMMA = YES;
				CLANG_WARN_CONSTANT_CONVERSION = YES;
				CLANG_WARN_DEPRECATED_OBJC_IMPLEMENTATIONS = YES;
				CLANG_WARN_DIRECT_OBJC_ISA_USAGE = YES_ERROR;
				CLANG_WARN_DOCUMENTATION_COMMENTS = YES;
				CLANG_WARN_EMPTY_BODY = YES;
				CLANG_WARN_ENUM_CONVERSION = YES;
				CLANG_WARN_INFINITE_RECURSION = YES;
				CLANG_WARN_INT_CONVERSION = YES;
				CLANG_WARN_NON_LITERAL_NULL_CONVERSION = YES;
				CLANG_WARN_OBJC_IMPLICIT_RETAIN_SELF = YES;
				CLANG_WARN_OBJC_LITERAL_CONVERSION = YES;
				CLANG_WARN_OBJC_ROOT_CLASS = YES_ERROR;
				CLANG_WARN_QUOTED_INCLUDE_IN_FRAMEWORK_HEADER = YES;
				CLANG_WARN_RANGE_LOOP_ANALYSIS = YES;
				CLANG_WARN_STRICT_PROTOTYPES = YES;
				CLANG_WARN_SUSPICIOUS_MOVE = YES;
				CLANG_WARN_UNGUARDED_AVAILABILITY = YES_AGGRESSIVE;
				CLANG_WARN_UNREACHABLE_CODE = YES;
				CLANG_WARN__DUPLICATE_METHOD_MATCH = YES;
				COPY_PHASE_STRIP = NO;
				DEBUG_INFORMATION_FORMAT = dwarf;
				ENABLE_STRICT_OBJC_MSGSEND = YES;
				ENABLE_TESTABILITY = YES;
				GCC_C_LANGUAGE_STANDARD = gnu11;
				GCC_DYNAMIC_NO_PIC = NO;
				GCC_NO_COMMON_BLOCKS = YES;
				GCC_OPTIMIZATION_LEVEL = 0;
				GCC_PREPROCESSOR_DEFINITIONS = (
					"DEBUG=1",
					"$(inherited)",
				);
				GCC_WARN_64_TO_32_BIT_CONVERSION = YES;
				GCC_WARN_ABOUT_RETURN_TYPE = YES_ERROR;
				GCC_WARN_UNDECLARED_SELECTOR = YES;
				GCC_WARN_UNINITIALIZED_AUTOS = YES_AGGRESSIVE;
				GCC_WARN_UNUSED_FUNCTION = YES;
				GCC_WARN_UNUSED_VARIABLE = YES;
				IPHONEOS_DEPLOYMENT_TARGET = 15.2;
				MTL_ENABLE_DEBUG_INFO = INCLUDE_SOURCE;
				MTL_FAST_MATH = YES;
				ONLY_ACTIVE_ARCH = YES;
				SDKROOT = iphoneos;
				SWIFT_ACTIVE_COMPILATION_CONDITIONS = DEBUG;
				SWIFT_OPTIMIZATION_LEVEL = "-Onone";
			};
			name = Debug;
		};
		FA06886727EC1BE60071AE39 /* Release */ = {
			isa = XCBuildConfiguration;
			buildSettings = {
				ALWAYS_SEARCH_USER_PATHS = NO;
				CLANG_ANALYZER_NONNULL = YES;
				CLANG_ANALYZER_NUMBER_OBJECT_CONVERSION = YES_AGGRESSIVE;
				CLANG_CXX_LANGUAGE_STANDARD = "gnu++17";
				CLANG_CXX_LIBRARY = "libc++";
				CLANG_ENABLE_MODULES = YES;
				CLANG_ENABLE_OBJC_ARC = YES;
				CLANG_ENABLE_OBJC_WEAK = YES;
				CLANG_WARN_BLOCK_CAPTURE_AUTORELEASING = YES;
				CLANG_WARN_BOOL_CONVERSION = YES;
				CLANG_WARN_COMMA = YES;
				CLANG_WARN_CONSTANT_CONVERSION = YES;
				CLANG_WARN_DEPRECATED_OBJC_IMPLEMENTATIONS = YES;
				CLANG_WARN_DIRECT_OBJC_ISA_USAGE = YES_ERROR;
				CLANG_WARN_DOCUMENTATION_COMMENTS = YES;
				CLANG_WARN_EMPTY_BODY = YES;
				CLANG_WARN_ENUM_CONVERSION = YES;
				CLANG_WARN_INFINITE_RECURSION = YES;
				CLANG_WARN_INT_CONVERSION = YES;
				CLANG_WARN_NON_LITERAL_NULL_CONVERSION = YES;
				CLANG_WARN_OBJC_IMPLICIT_RETAIN_SELF = YES;
				CLANG_WARN_OBJC_LITERAL_CONVERSION = YES;
				CLANG_WARN_OBJC_ROOT_CLASS = YES_ERROR;
				CLANG_WARN_QUOTED_INCLUDE_IN_FRAMEWORK_HEADER = YES;
				CLANG_WARN_RANGE_LOOP_ANALYSIS = YES;
				CLANG_WARN_STRICT_PROTOTYPES = YES;
				CLANG_WARN_SUSPICIOUS_MOVE = YES;
				CLANG_WARN_UNGUARDED_AVAILABILITY = YES_AGGRESSIVE;
				CLANG_WARN_UNREACHABLE_CODE = YES;
				CLANG_WARN__DUPLICATE_METHOD_MATCH = YES;
				COPY_PHASE_STRIP = NO;
				DEBUG_INFORMATION_FORMAT = "dwarf-with-dsym";
				ENABLE_NS_ASSERTIONS = NO;
				ENABLE_STRICT_OBJC_MSGSEND = YES;
				GCC_C_LANGUAGE_STANDARD = gnu11;
				GCC_NO_COMMON_BLOCKS = YES;
				GCC_WARN_64_TO_32_BIT_CONVERSION = YES;
				GCC_WARN_ABOUT_RETURN_TYPE = YES_ERROR;
				GCC_WARN_UNDECLARED_SELECTOR = YES;
				GCC_WARN_UNINITIALIZED_AUTOS = YES_AGGRESSIVE;
				GCC_WARN_UNUSED_FUNCTION = YES;
				GCC_WARN_UNUSED_VARIABLE = YES;
				IPHONEOS_DEPLOYMENT_TARGET = 15.2;
				MTL_ENABLE_DEBUG_INFO = NO;
				MTL_FAST_MATH = YES;
				SDKROOT = iphoneos;
				SWIFT_COMPILATION_MODE = wholemodule;
				SWIFT_OPTIMIZATION_LEVEL = "-O";
				VALIDATE_PRODUCT = YES;
			};
			name = Release;
		};
		FA06886927EC1BE60071AE39 /* Debug */ = {
			isa = XCBuildConfiguration;
			baseConfigurationReference = A53AFA720119E463B79A8F50 /* Pods-Image_download.debug.xcconfig */;
			buildSettings = {
				ASSETCATALOG_COMPILER_APPICON_NAME = AppIcon;
				ASSETCATALOG_COMPILER_GLOBAL_ACCENT_COLOR_NAME = AccentColor;
				CODE_SIGN_STYLE = Automatic;
				CURRENT_PROJECT_VERSION = 1;
				DEVELOPMENT_TEAM = NFSX3772WN;
				GENERATE_INFOPLIST_FILE = YES;
				INFOPLIST_FILE = Image_download/Info.plist;
				INFOPLIST_KEY_UIApplicationSupportsIndirectInputEvents = YES;
				INFOPLIST_KEY_UILaunchStoryboardName = LaunchScreen;
				INFOPLIST_KEY_UISupportedInterfaceOrientations = "UIInterfaceOrientationLandscapeRight UIInterfaceOrientationPortrait";
				INFOPLIST_KEY_UISupportedInterfaceOrientations_iPad = "UIInterfaceOrientationLandscapeLeft UIInterfaceOrientationLandscapeRight UIInterfaceOrientationPortrait UIInterfaceOrientationPortraitUpsideDown";
				IPHONEOS_DEPLOYMENT_TARGET = 16.4;
				LD_RUNPATH_SEARCH_PATHS = (
					"$(inherited)",
					"@executable_path/Frameworks",
				);
				MARKETING_VERSION = 1.0;
				PRODUCT_BUNDLE_IDENTIFIER = "team.Image-download";
				PRODUCT_NAME = "$(TARGET_NAME)";
				SWIFT_EMIT_LOC_STRINGS = YES;
				SWIFT_VERSION = 5.0;
				TARGETED_DEVICE_FAMILY = 1;
			};
			name = Debug;
		};
		FA06886A27EC1BE60071AE39 /* Release */ = {
			isa = XCBuildConfiguration;
			baseConfigurationReference = 6D7F9552C110A8FA05F22146 /* Pods-Image_download.release.xcconfig */;
			buildSettings = {
				ASSETCATALOG_COMPILER_APPICON_NAME = AppIcon;
				ASSETCATALOG_COMPILER_GLOBAL_ACCENT_COLOR_NAME = AccentColor;
				CODE_SIGN_STYLE = Automatic;
				CURRENT_PROJECT_VERSION = 1;
				DEVELOPMENT_TEAM = NFSX3772WN;
				GENERATE_INFOPLIST_FILE = YES;
				INFOPLIST_FILE = Image_download/Info.plist;
				INFOPLIST_KEY_UIApplicationSupportsIndirectInputEvents = YES;
				INFOPLIST_KEY_UILaunchStoryboardName = LaunchScreen;
				INFOPLIST_KEY_UISupportedInterfaceOrientations = "UIInterfaceOrientationLandscapeRight UIInterfaceOrientationPortrait";
				INFOPLIST_KEY_UISupportedInterfaceOrientations_iPad = "UIInterfaceOrientationLandscapeLeft UIInterfaceOrientationLandscapeRight UIInterfaceOrientationPortrait UIInterfaceOrientationPortraitUpsideDown";
				IPHONEOS_DEPLOYMENT_TARGET = 16.4;
				LD_RUNPATH_SEARCH_PATHS = (
					"$(inherited)",
					"@executable_path/Frameworks",
				);
				MARKETING_VERSION = 1.0;
				PRODUCT_BUNDLE_IDENTIFIER = "team.Image-download";
				PRODUCT_NAME = "$(TARGET_NAME)";
				SWIFT_EMIT_LOC_STRINGS = YES;
				SWIFT_VERSION = 5.0;
				TARGETED_DEVICE_FAMILY = 1;
			};
			name = Release;
		};
/* End XCBuildConfiguration section */

/* Begin XCConfigurationList section */
		FA06884F27EC1BE50071AE39 /* Build configuration list for PBXProject "Image_download" */ = {
			isa = XCConfigurationList;
			buildConfigurations = (
				FA06886627EC1BE60071AE39 /* Debug */,
				FA06886727EC1BE60071AE39 /* Release */,
			);
			defaultConfigurationIsVisible = 0;
			defaultConfigurationName = Release;
		};
		FA06886827EC1BE60071AE39 /* Build configuration list for PBXNativeTarget "Image_download" */ = {
			isa = XCConfigurationList;
			buildConfigurations = (
				FA06886927EC1BE60071AE39 /* Debug */,
				FA06886A27EC1BE60071AE39 /* Release */,
			);
			defaultConfigurationIsVisible = 0;
			defaultConfigurationName = Release;
		};
/* End XCConfigurationList section */
	};
	rootObject = FA06884C27EC1BE50071AE39 /* Project object */;
}
